
Microsoft Visual Studio Solution File, Format Version 12.00
# Visual Studio Version 17
VisualStudioVersion = 17.8.34525.116
MinimumVisualStudioVersion = 10.0.40219.1
Project("{9A19103F-16F7-4668-BE54-9A1E7A4F7556}") = "DataModelLib", "DataModelLib\DataModelLib.csproj", "{3B4653A9-1EF1-43EE-8EB1-48CEE5199A1F}"
EndProject
Project("{9A19103F-16F7-4668-BE54-9A1E7A4F7556}") = "LibraryExample", "LibraryExample\LibraryExample.csproj", "{5AD9B29E-5856-49EE-9B40-09E93C45C620}"
EndProject
Project("{9A19103F-16F7-4668-BE54-9A1E7A4F7556}") = "LibraryExample.UnitTests", "LibraryExample.UnitTests\LibraryExample.UnitTests.csproj", "{B9F37371-6DAC-4002-8BCE-300C43A473DC}"
EndProject
Project("{2150E333-8FDC-42A3-9474-1A3956D46DE8}") = "1-Libraries", "1-Libraries", "{CF0AD41E-4E29-432C-B625-CDE12386E139}"
EndProject
Project("{FAE04EC0-301F-11D3-BF4B-00C04F79EFBC}") = "BlueprintLib", "..\BlueprintLib\BlueprintLib\BlueprintLib.csproj", "{B31A9FAA-D715-8F14-A7C4-56F92ACBEA90}"
EndProject
Project("{2150E333-8FDC-42A3-9474-1A3956D46DE8}") = "2- Examples", "2- Examples", "{02EA681E-C7D8-13C7-8484-4AC65E1B71E8}"
EndProject
Global
	GlobalSection(SolutionConfigurationPlatforms) = preSolution
		Debug|Any CPU = Debug|Any CPU
		Release|Any CPU = Release|Any CPU
	EndGlobalSection
	GlobalSection(ProjectConfigurationPlatforms) = postSolution
		{3B4653A9-1EF1-43EE-8EB1-48CEE5199A1F}.Debug|Any CPU.ActiveCfg = Debug|Any CPU
		{3B4653A9-1EF1-43EE-8EB1-48CEE5199A1F}.Debug|Any CPU.Build.0 = Debug|Any CPU
		{3B4653A9-1EF1-43EE-8EB1-48CEE5199A1F}.Release|Any CPU.ActiveCfg = Release|Any CPU
		{3B4653A9-1EF1-43EE-8EB1-48CEE5199A1F}.Release|Any CPU.Build.0 = Release|Any CPU
		{5AD9B29E-5856-49EE-9B40-09E93C45C620}.Debug|Any CPU.ActiveCfg = Debug|Any CPU
		{5AD9B29E-5856-49EE-9B40-09E93C45C620}.Debug|Any CPU.Build.0 = Debug|Any CPU
		{5AD9B29E-5856-49EE-9B40-09E93C45C620}.Release|Any CPU.ActiveCfg = Release|Any CPU
		{5AD9B29E-5856-49EE-9B40-09E93C45C620}.Release|Any CPU.Build.0 = Release|Any CPU
		{B9F37371-6DAC-4002-8BCE-300C43A473DC}.Debug|Any CPU.ActiveCfg = Debug|Any CPU
		{B9F37371-6DAC-4002-8BCE-300C43A473DC}.Debug|Any CPU.Build.0 = Debug|Any CPU
		{B9F37371-6DAC-4002-8BCE-300C43A473DC}.Release|Any CPU.ActiveCfg = Release|Any CPU
		{B9F37371-6DAC-4002-8BCE-300C43A473DC}.Release|Any CPU.Build.0 = Release|Any CPU
		{B31A9FAA-D715-8F14-A7C4-56F92ACBEA90}.Debug|Any CPU.ActiveCfg = Debug|Any CPU
		{B31A9FAA-D715-8F14-A7C4-56F92ACBEA90}.Debug|Any CPU.Build.0 = Debug|Any CPU
		{B31A9FAA-D715-8F14-A7C4-56F92ACBEA90}.Release|Any CPU.ActiveCfg = Release|Any CPU
		{B31A9FAA-D715-8F14-A7C4-56F92ACBEA90}.Release|Any CPU.Build.0 = Release|Any CPU
	EndGlobalSection
	GlobalSection(SolutionProperties) = preSolution
		HideSolutionNode = FALSE
	EndGlobalSection
	GlobalSection(NestedProjects) = preSolution
		{3B4653A9-1EF1-43EE-8EB1-48CEE5199A1F} = {CF0AD41E-4E29-432C-B625-CDE12386E139}
		{5AD9B29E-5856-49EE-9B40-09E93C45C620} = {02EA681E-C7D8-13C7-8484-4AC65E1B71E8}
		{B9F37371-6DAC-4002-8BCE-300C43A473DC} = {02EA681E-C7D8-13C7-8484-4AC65E1B71E8}
		{B31A9FAA-D715-8F14-A7C4-56F92ACBEA90} = {CF0AD41E-4E29-432C-B625-CDE12386E139}
	EndGlobalSection
	GlobalSection(ExtensibilityGlobals) = postSolution
		SolutionGuid = {EE20ADAD-0CFD-4FF4-86B4-461E961BB0D3}
	EndGlobalSection
EndGlobal
