
Microsoft Visual Studio Solution File, Format Version 12.00
# Visual Studio Version 17
VisualStudioVersion = 17.8.34525.116
MinimumVisualStudioVersion = 10.0.40219.1
Project("{9A19103F-16F7-4668-BE54-9A1E7A4F7556}") = "DataModelLib", "DataModelLib\DataModelLib.csproj", "{3B4653A9-1EF1-43EE-8EB1-48CEE5199A1F}"
EndProject
Project("{9A19103F-16F7-4668-BE54-9A1E7A4F7556}") = "LibraryExample", "LibraryExample\LibraryExample.csproj", "{5AD9B29E-5856-49EE-9B40-09E93C45C620}"
EndProject
Project("{9A19103F-16F7-4668-BE54-9A1E7A4F7556}") = "DataModelLib.UnitTests", "DataModelLib.UnitTests\DataModelLib.UnitTests.csproj", "{702651E4-4489-4B3A-8799-D31DDD4AC6A9}"
EndProject
Project("{9A19103F-16F7-4668-BE54-9A1E7A4F7556}") = "LibraryExample.UnitTests", "LibraryExample.UnitTests\LibraryExample.UnitTests.csproj", "{B9F37371-6DAC-4002-8BCE-300C43A473DC}"
EndProject
Project("{9A19103F-16F7-4668-BE54-9A1E7A4F7556}") = "DataModelLib.Common", "DataModelLib.Common\DataModelLib.Common.csproj", "{ACC9443D-503F-4A7B-A96C-963D0F8D5C34}"
EndProject
Project("{2150E333-8FDC-42A3-9474-1A3956D46DE8}") = "2-UnitTests", "2-UnitTests", "{CE5BB34C-A526-472A-A7C9-B05C90917F35}"
EndProject
Project("{2150E333-8FDC-42A3-9474-1A3956D46DE8}") = "1-DataModelLibs", "1-DataModelLibs", "{CF0AD41E-4E29-432C-B625-CDE12386E139}"
EndProject
Global
	GlobalSection(SolutionConfigurationPlatforms) = preSolution
		Debug|Any CPU = Debug|Any CPU
		Release|Any CPU = Release|Any CPU
	EndGlobalSection
	GlobalSection(ProjectConfigurationPlatforms) = postSolution
		{3B4653A9-1EF1-43EE-8EB1-48CEE5199A1F}.Debug|Any CPU.ActiveCfg = Debug|Any CPU
		{3B4653A9-1EF1-43EE-8EB1-48CEE5199A1F}.Debug|Any CPU.Build.0 = Debug|Any CPU
		{3B4653A9-1EF1-43EE-8EB1-48CEE5199A1F}.Release|Any CPU.ActiveCfg = Release|Any CPU
		{3B4653A9-1EF1-43EE-8EB1-48CEE5199A1F}.Release|Any CPU.Build.0 = Release|Any CPU
		{5AD9B29E-5856-49EE-9B40-09E93C45C620}.Debug|Any CPU.ActiveCfg = Debug|Any CPU
		{5AD9B29E-5856-49EE-9B40-09E93C45C620}.Debug|Any CPU.Build.0 = Debug|Any CPU
		{5AD9B29E-5856-49EE-9B40-09E93C45C620}.Release|Any CPU.ActiveCfg = Release|Any CPU
		{5AD9B29E-5856-49EE-9B40-09E93C45C620}.Release|Any CPU.Build.0 = Release|Any CPU
		{702651E4-4489-4B3A-8799-D31DDD4AC6A9}.Debug|Any CPU.ActiveCfg = Debug|Any CPU
		{702651E4-4489-4B3A-8799-D31DDD4AC6A9}.Debug|Any CPU.Build.0 = Debug|Any CPU
		{702651E4-4489-4B3A-8799-D31DDD4AC6A9}.Release|Any CPU.ActiveCfg = Release|Any CPU
		{702651E4-4489-4B3A-8799-D31DDD4AC6A9}.Release|Any CPU.Build.0 = Release|Any CPU
		{B9F37371-6DAC-4002-8BCE-300C43A473DC}.Debug|Any CPU.ActiveCfg = Debug|Any CPU
		{B9F37371-6DAC-4002-8BCE-300C43A473DC}.Debug|Any CPU.Build.0 = Debug|Any CPU
		{B9F37371-6DAC-4002-8BCE-300C43A473DC}.Release|Any CPU.ActiveCfg = Release|Any CPU
		{B9F37371-6DAC-4002-8BCE-300C43A473DC}.Release|Any CPU.Build.0 = Release|Any CPU
		{ACC9443D-503F-4A7B-A96C-963D0F8D5C34}.Debug|Any CPU.ActiveCfg = Debug|Any CPU
		{ACC9443D-503F-4A7B-A96C-963D0F8D5C34}.Debug|Any CPU.Build.0 = Debug|Any CPU
		{ACC9443D-503F-4A7B-A96C-963D0F8D5C34}.Release|Any CPU.ActiveCfg = Release|Any CPU
		{ACC9443D-503F-4A7B-A96C-963D0F8D5C34}.Release|Any CPU.Build.0 = Release|Any CPU
	EndGlobalSection
	GlobalSection(SolutionProperties) = preSolution
		HideSolutionNode = FALSE
	EndGlobalSection
	GlobalSection(NestedProjects) = preSolution
		{3B4653A9-1EF1-43EE-8EB1-48CEE5199A1F} = {CF0AD41E-4E29-432C-B625-CDE12386E139}
		{702651E4-4489-4B3A-8799-D31DDD4AC6A9} = {CE5BB34C-A526-472A-A7C9-B05C90917F35}
		{B9F37371-6DAC-4002-8BCE-300C43A473DC} = {CE5BB34C-A526-472A-A7C9-B05C90917F35}
		{ACC9443D-503F-4A7B-A96C-963D0F8D5C34} = {CF0AD41E-4E29-432C-B625-CDE12386E139}
	EndGlobalSection
	GlobalSection(ExtensibilityGlobals) = postSolution
		SolutionGuid = {EE20ADAD-0CFD-4FF4-86B4-461E961BB0D3}
	EndGlobalSection
EndGlobal
